
Microsoft Visual Studio Solution File, Format Version 12.00
# Visual Studio 2015
Project("{FAE04EC0-301F-11D3-BF4B-00C04F79EFBC}") = "Rising Tide.CSharp.Plugins", "Rising Tide.CSharp.Plugins.csproj", "{860ABE7A-138C-B90F-FBED-542C2872EFED}"
EndProject
Project("{FAE04EC0-301F-11D3-BF4B-00C04F79EFBC}") = "Rising Tide.CSharp", "Rising Tide.CSharp.csproj", "{CDD064D0-0E9D-6DAE-5D4E-14273FF3D030}"
EndProject
Global
	GlobalSection(SolutionConfigurationPlatforms) = preSolution
		Debug|Any CPU = Debug|Any CPU
		Release|Any CPU = Release|Any CPU
	EndGlobalSection
	GlobalSection(ProjectConfigurationPlatforms) = postSolution
		{860ABE7A-138C-B90F-FBED-542C2872EFED}.Debug|Any CPU.ActiveCfg = Debug|Any CPU
		{860ABE7A-138C-B90F-FBED-542C2872EFED}.Debug|Any CPU.Build.0 = Debug|Any CPU
		{860ABE7A-138C-B90F-FBED-542C2872EFED}.Release|Any CPU.ActiveCfg = Release|Any CPU
		{860ABE7A-138C-B90F-FBED-542C2872EFED}.Release|Any CPU.Build.0 = Release|Any CPU
		{CDD064D0-0E9D-6DAE-5D4E-14273FF3D030}.Debug|Any CPU.ActiveCfg = Debug|Any CPU
		{CDD064D0-0E9D-6DAE-5D4E-14273FF3D030}.Debug|Any CPU.Build.0 = Debug|Any CPU
		{CDD064D0-0E9D-6DAE-5D4E-14273FF3D030}.Release|Any CPU.ActiveCfg = Release|Any CPU
		{CDD064D0-0E9D-6DAE-5D4E-14273FF3D030}.Release|Any CPU.Build.0 = Release|Any CPU
	EndGlobalSection
	GlobalSection(SolutionProperties) = preSolution
		HideSolutionNode = FALSE
	EndGlobalSection
EndGlobal
